
Microsoft Visual Studio Solution File, Format Version 12.00
# Visual Studio Version 17
VisualStudioVersion = 17.14.36109.1 d17.14
MinimumVisualStudioVersion = 10.0.40219.1
Project("{FAE04EC0-301F-11D3-BF4B-00C04F79EFBC}") = "anonnavai", "anonnavai\anonnavai.csproj", "{079A0DE3-10A1-4D4A-A60E-6365F1B67C54}"
EndProject
Global
	GlobalSection(SolutionConfigurationPlatforms) = preSolution
		Debug|Any CPU = Debug|Any CPU
		Release|Any CPU = Release|Any CPU
	EndGlobalSection
	GlobalSection(ProjectConfigurationPlatforms) = postSolution
		{079A0DE3-10A1-4D4A-A60E-6365F1B67C54}.Debug|Any CPU.ActiveCfg = Debug|Any CPU
		{079A0DE3-10A1-4D4A-A60E-6365F1B67C54}.Debug|Any CPU.Build.0 = Debug|Any CPU
		{079A0DE3-10A1-4D4A-A60E-6365F1B67C54}.Release|Any CPU.ActiveCfg = Release|Any CPU
		{079A0DE3-10A1-4D4A-A60E-6365F1B67C54}.Release|Any CPU.Build.0 = Release|Any CPU
	EndGlobalSection
	GlobalSection(SolutionProperties) = preSolution
		HideSolutionNode = FALSE
	EndGlobalSection
	GlobalSection(ExtensibilityGlobals) = postSolution
		SolutionGuid = {8BF21DD5-88F4-46CC-859C-B94F0AC471F7}
	EndGlobalSection
EndGlobal
