
Microsoft Visual Studio Solution File, Format Version 12.00
# Visual Studio Version 17
VisualStudioVersion = 17.14.36109.1 d17.14
MinimumVisualStudioVersion = 10.0.40219.1
Project("{FAE04EC0-301F-11D3-BF4B-00C04F79EFBC}") = "teste", "teste\teste.csproj", "{35D8DDE8-47FE-4C45-919B-96D8A39ABF34}"
EndProject
Global
	GlobalSection(SolutionConfigurationPlatforms) = preSolution
		Debug|Any CPU = Debug|Any CPU
		Release|Any CPU = Release|Any CPU
	EndGlobalSection
	GlobalSection(ProjectConfigurationPlatforms) = postSolution
		{35D8DDE8-47FE-4C45-919B-96D8A39ABF34}.Debug|Any CPU.ActiveCfg = Debug|Any CPU
		{35D8DDE8-47FE-4C45-919B-96D8A39ABF34}.Debug|Any CPU.Build.0 = Debug|Any CPU
		{35D8DDE8-47FE-4C45-919B-96D8A39ABF34}.Release|Any CPU.ActiveCfg = Release|Any CPU
		{35D8DDE8-47FE-4C45-919B-96D8A39ABF34}.Release|Any CPU.Build.0 = Release|Any CPU
	EndGlobalSection
	GlobalSection(SolutionProperties) = preSolution
		HideSolutionNode = FALSE
	EndGlobalSection
	GlobalSection(ExtensibilityGlobals) = postSolution
		SolutionGuid = {296A1B27-CC17-4CCF-874A-A682039CCE29}
	EndGlobalSection
EndGlobal
