
Microsoft Visual Studio Solution File, Format Version 12.00
# Visual Studio Version 17
VisualStudioVersion = 17.14.36109.1 d17.14
MinimumVisualStudioVersion = 10.0.40219.1
Project("{FAE04EC0-301F-11D3-BF4B-00C04F79EFBC}") = "Jo-Ken-Po", "Jo-Ken-Po\Jo-Ken-Po.csproj", "{C2DA5CCF-6835-463D-8F49-619F6FA72B3D}"
EndProject
Global
	GlobalSection(SolutionConfigurationPlatforms) = preSolution
		Debug|Any CPU = Debug|Any CPU
		Release|Any CPU = Release|Any CPU
	EndGlobalSection
	GlobalSection(ProjectConfigurationPlatforms) = postSolution
		{C2DA5CCF-6835-463D-8F49-619F6FA72B3D}.Debug|Any CPU.ActiveCfg = Debug|Any CPU
		{C2DA5CCF-6835-463D-8F49-619F6FA72B3D}.Debug|Any CPU.Build.0 = Debug|Any CPU
		{C2DA5CCF-6835-463D-8F49-619F6FA72B3D}.Release|Any CPU.ActiveCfg = Release|Any CPU
		{C2DA5CCF-6835-463D-8F49-619F6FA72B3D}.Release|Any CPU.Build.0 = Release|Any CPU
	EndGlobalSection
	GlobalSection(SolutionProperties) = preSolution
		HideSolutionNode = FALSE
	EndGlobalSection
	GlobalSection(ExtensibilityGlobals) = postSolution
		SolutionGuid = {91535FB3-82E1-4860-BD30-AD0FA800895B}
	EndGlobalSection
EndGlobal
